{
    "requires": true,
    "lockfileVersion": 1,
    "dependencies": {
        "@stimulus/core": {
            "version": "2.0.0",
            "resolved": "https://registry.npmjs.org/@stimulus/core/-/core-2.0.0.tgz",
            "integrity": "sha512-ff70GafKtzc8zQ1/cG+UvL06GcifPWovf2wBEdjLMh9xO2GOYURO3y2RYgzIGYUIBefQwyfX2CLfJdZFJrEPTw==",
            "dev": true,
            "requires": {
                "@stimulus/mutation-observers": "^2.0.0"
            }
        },
        "@stimulus/multimap": {
            "version": "2.0.0",
            "resolved": "https://registry.npmjs.org/@stimulus/multimap/-/multimap-2.0.0.tgz",
            "integrity": "sha512-pMBCewkZCFVB3e5mEMoyO9+9aKzHDITmf3OnPun51YWxlcPdHcwbjqm1ylK63fsoduIE+RowBpFwFqd3poEz4w==",
            "dev": true
        },
        "@stimulus/mutation-observers": {
            "version": "2.0.0",
            "resolved": "https://registry.npmjs.org/@stimulus/mutation-observers/-/mutation-observers-2.0.0.tgz",
            "integrity": "sha512-kx4VAJdPhIGBQKGIoUDC2tupEKorG3A+ckc2b1UiwInKTMAC1axOHU8ebcwhaJIxRqIrs8//4SJo9YAAOx6FEg==",
            "dev": true,
            "requires": {
                "@stimulus/multimap": "^2.0.0"
            }
        },
        "@stimulus/webpack-helpers": {
            "version": "2.0.0",
            "resolved": "https://registry.npmjs.org/@stimulus/webpack-helpers/-/webpack-helpers-2.0.0.tgz",
            "integrity": "sha512-D6tJWsAC024MwGEIKlUVYU8Ln87mlrmiwHvYAjipg+s8H4eLxUMQ3PZkWyPevfipH+oR3leuHsjYsK1gN5ViQA==",
            "dev": true
        },
        "stimulus": {
            "version": "2.0.0",
            "resolved": "https://registry.npmjs.org/stimulus/-/stimulus-2.0.0.tgz",
            "integrity": "sha512-xipy7BS5TVpg4fX6S8LhrYZp7cmHGjmk09WSAiVx1gF5S5g43IWsuetfUhIk8HfHUG+4MQ9nY0FQz4dRFLs/8w==",
            "dev": true,
            "requires": {
                "@stimulus/core": "^2.0.0",
                "@stimulus/webpack-helpers": "^2.0.0"
            }
        },
        "yarn": {
            "version": "1.22.11",
            "resolved": "https://registry.npmjs.org/yarn/-/yarn-1.22.11.tgz",
            "integrity": "sha512-AWje4bzqO9RUn3sdnM5N8n4ZJ0BqCc/kqFJvpOI5/EVkINXui0yuvU7NDCEF//+WaxHuNay2uOHxA4+tq1P3cg=="
        }
    }
}
